// !$*UTF8*$!
{
	archiveVersion = 1;
	classes = {
	};
	objectVersion = 48;
	objects = {

/* Begin PBXBuildFile section */
		4F804222FA8617BCA3FC18F9 /* Pods_tinypng.framework in Frameworks */ = {isa = PBXBuildFile; fileRef = D2F35ED922C134EDF16B820B /* Pods_tinypng.framework */; };
		5446D2471FEF8F2100EFAB8D /* MainController.swift in Sources */ = {isa = PBXBuildFile; fileRef = 5446D2461FEF8F2100EFAB8D /* MainController.swift */; };
		54C460C51FED739F0023DA09 /* AppDelegate.swift in Sources */ = {isa = PBXBuildFile; fileRef = 54C460C41FED739F0023DA09 /* AppDelegate.swift */; };
		54C460C91FED739F0023DA09 /* Document.swift in Sources */ = {isa = PBXBuildFile; fileRef = 54C460C81FED739F0023DA09 /* Document.swift */; };
		54C460CC1FED739F0023DA09 /* Document.xcdatamodeld in Sources */ = {isa = PBXBuildFile; fileRef = 54C460CA1FED739F0023DA09 /* Document.xcdatamodeld */; };
		54C460CE1FED739F0023DA09 /* Assets.xcassets in Resources */ = {isa = PBXBuildFile; fileRef = 54C460CD1FED739F0023DA09 /* Assets.xcassets */; };
		54C460D11FED739F0023DA09 /* Main.storyboard in Resources */ = {isa = PBXBuildFile; fileRef = 54C460CF1FED739F0023DA09 /* Main.storyboard */; };
		54C460DD1FED73A00023DA09 /* tinypngTests.swift in Sources */ = {isa = PBXBuildFile; fileRef = 54C460DC1FED73A00023DA09 /* tinypngTests.swift */; };
		54C460E81FED73A00023DA09 /* tinypngUITests.swift in Sources */ = {isa = PBXBuildFile; fileRef = 54C460E71FED73A00023DA09 /* tinypngUITests.swift */; };
		5DE57D068A29865286F7EAFC /* Pods_tinypngUITests.framework in Frameworks */ = {isa = PBXBuildFile; fileRef = AD04112EF660D98F4F191BB8 /* Pods_tinypngUITests.framework */; };
		6C27F1C9B9ACED48216615FF /* Pods_tinypng_tinypngUITests.framework in Frameworks */ = {isa = PBXBuildFile; fileRef = EC93EB139911AAD226A23B90 /* Pods_tinypng_tinypngUITests.framework */; };
		CDA3407607DD45379AD46FA3 /* Pods_tinypngTests.framework in Frameworks */ = {isa = PBXBuildFile; fileRef = 11F8CA40187EDB469F51CD80 /* Pods_tinypngTests.framework */; };
		DE94AD3FB6BA00BEE903FD04 /* Pods_tinypng_tinypngTests.framework in Frameworks */ = {isa = PBXBuildFile; fileRef = FE8806345F90BAEF523E1D61 /* Pods_tinypng_tinypngTests.framework */; };
/* End PBXBuildFile section */

/* Begin PBXContainerItemProxy section */
		54C460D91FED73A00023DA09 /* PBXContainerItemProxy */ = {
			isa = PBXContainerItemProxy;
			containerPortal = 54C460B91FED739F0023DA09 /* Project object */;
			proxyType = 1;
			remoteGlobalIDString = 54C460C01FED739F0023DA09;
			remoteInfo = tinypng;
		};
		54C460E41FED73A00023DA09 /* PBXContainerItemProxy */ = {
			isa = PBXContainerItemProxy;
			containerPortal = 54C460B91FED739F0023DA09 /* Project object */;
			proxyType = 1;
			remoteGlobalIDString = 54C460C01FED739F0023DA09;
			remoteInfo = tinypng;
		};
/* End PBXContainerItemProxy section */

/* Begin PBXFileReference section */
		11F8CA40187EDB469F51CD80 /* Pods_tinypngTests.framework */ = {isa = PBXFileReference; explicitFileType = wrapper.framework; includeInIndex = 0; path = Pods_tinypngTests.framework; sourceTree = BUILT_PRODUCTS_DIR; };
		2E20B0EAD698F64F14FB5783 /* Pods-tinypng-tinypngUITests.debug.xcconfig */ = {isa = PBXFileReference; includeInIndex = 1; lastKnownFileType = text.xcconfig; name = "Pods-tinypng-tinypngUITests.debug.xcconfig"; path = "Pods/Target Support Files/Pods-tinypng-tinypngUITests/Pods-tinypng-tinypngUITests.debug.xcconfig"; sourceTree = "<group>"; };
		366F6D3A571C159A98FE7E2F /* Pods-tinypng.debug.xcconfig */ = {isa = PBXFileReference; includeInIndex = 1; lastKnownFileType = text.xcconfig; name = "Pods-tinypng.debug.xcconfig"; path = "Pods/Target Support Files/Pods-tinypng/Pods-tinypng.debug.xcconfig"; sourceTree = "<group>"; };
		3A9768DEED38D6975CC4B62C /* Pods-tinypngTests.debug.xcconfig */ = {isa = PBXFileReference; includeInIndex = 1; lastKnownFileType = text.xcconfig; name = "Pods-tinypngTests.debug.xcconfig"; path = "Pods/Target Support Files/Pods-tinypngTests/Pods-tinypngTests.debug.xcconfig"; sourceTree = "<group>"; };
		3B15C6288980F9A235EF37FF /* Pods-tinypng-tinypngUITests.release.xcconfig */ = {isa = PBXFileReference; includeInIndex = 1; lastKnownFileType = text.xcconfig; name = "Pods-tinypng-tinypngUITests.release.xcconfig"; path = "Pods/Target Support Files/Pods-tinypng-tinypngUITests/Pods-tinypng-tinypngUITests.release.xcconfig"; sourceTree = "<group>"; };
		4943F909E3AFD4965C2CAAED /* Pods-tinypng-tinypngTests.release.xcconfig */ = {isa = PBXFileReference; includeInIndex = 1; lastKnownFileType = text.xcconfig; name = "Pods-tinypng-tinypngTests.release.xcconfig"; path = "Pods/Target Support Files/Pods-tinypng-tinypngTests/Pods-tinypng-tinypngTests.release.xcconfig"; sourceTree = "<group>"; };
		5446D2461FEF8F2100EFAB8D /* MainController.swift */ = {isa = PBXFileReference; fileEncoding = 4; lastKnownFileType = sourcecode.swift; path = MainController.swift; sourceTree = "<group>"; };
		54C460C11FED739F0023DA09 /* tinypng.app */ = {isa = PBXFileReference; explicitFileType = wrapper.application; includeInIndex = 0; path = tinypng.app; sourceTree = BUILT_PRODUCTS_DIR; };
		54C460C41FED739F0023DA09 /* AppDelegate.swift */ = {isa = PBXFileReference; lastKnownFileType = sourcecode.swift; path = AppDelegate.swift; sourceTree = "<group>"; };
		54C460C81FED739F0023DA09 /* Document.swift */ = {isa = PBXFileReference; lastKnownFileType = sourcecode.swift; path = Document.swift; sourceTree = "<group>"; };
		54C460CB1FED739F0023DA09 /* Document.xcdatamodel */ = {isa = PBXFileReference; lastKnownFileType = wrapper.xcdatamodel; path = Document.xcdatamodel; sourceTree = "<group>"; };
		54C460CD1FED739F0023DA09 /* Assets.xcassets */ = {isa = PBXFileReference; lastKnownFileType = folder.assetcatalog; path = Assets.xcassets; sourceTree = "<group>"; };
		54C460D01FED739F0023DA09 /* Base */ = {isa = PBXFileReference; lastKnownFileType = file.storyboard; name = Base; path = Base.lproj/Main.storyboard; sourceTree = "<group>"; };
		54C460D21FED739F0023DA09 /* Info.plist */ = {isa = PBXFileReference; lastKnownFileType = text.plist.xml; path = Info.plist; sourceTree = "<group>"; };
		54C460D31FED739F0023DA09 /* tinypng.entitlements */ = {isa = PBXFileReference; lastKnownFileType = text.plist.entitlements; path = tinypng.entitlements; sourceTree = "<group>"; };
		54C460D81FED73A00023DA09 /* tinypngTests.xctest */ = {isa = PBXFileReference; explicitFileType = wrapper.cfbundle; includeInIndex = 0; path = tinypngTests.xctest; sourceTree = BUILT_PRODUCTS_DIR; };
		54C460DC1FED73A00023DA09 /* tinypngTests.swift */ = {isa = PBXFileReference; lastKnownFileType = sourcecode.swift; path = tinypngTests.swift; sourceTree = "<group>"; };
		54C460DE1FED73A00023DA09 /* Info.plist */ = {isa = PBXFileReference; lastKnownFileType = text.plist.xml; path = Info.plist; sourceTree = "<group>"; };
		54C460E31FED73A00023DA09 /* tinypngUITests.xctest */ = {isa = PBXFileReference; explicitFileType = wrapper.cfbundle; includeInIndex = 0; path = tinypngUITests.xctest; sourceTree = BUILT_PRODUCTS_DIR; };
		54C460E71FED73A00023DA09 /* tinypngUITests.swift */ = {isa = PBXFileReference; lastKnownFileType = sourcecode.swift; path = tinypngUITests.swift; sourceTree = "<group>"; };
		54C460E91FED73A00023DA09 /* Info.plist */ = {isa = PBXFileReference; lastKnownFileType = text.plist.xml; path = Info.plist; sourceTree = "<group>"; };
		57301681F7BBBF21B1B955EC /* Pods-tinypngUITests.debug.xcconfig */ = {isa = PBXFileReference; includeInIndex = 1; lastKnownFileType = text.xcconfig; name = "Pods-tinypngUITests.debug.xcconfig"; path = "Pods/Target Support Files/Pods-tinypngUITests/Pods-tinypngUITests.debug.xcconfig"; sourceTree = "<group>"; };
		660C9AC42A0365F0E4392219 /* Pods-tinypng.release.xcconfig */ = {isa = PBXFileReference; includeInIndex = 1; lastKnownFileType = text.xcconfig; name = "Pods-tinypng.release.xcconfig"; path = "Pods/Target Support Files/Pods-tinypng/Pods-tinypng.release.xcconfig"; sourceTree = "<group>"; };
		690BCEF6583ABACAE08FD6D3 /* Pods-tinypngUITests.release.xcconfig */ = {isa = PBXFileReference; includeInIndex = 1; lastKnownFileType = text.xcconfig; name = "Pods-tinypngUITests.release.xcconfig"; path = "Pods/Target Support Files/Pods-tinypngUITests/Pods-tinypngUITests.release.xcconfig"; sourceTree = "<group>"; };
		92D672533199DEB0DBCF5B35 /* Pods-tinypng-tinypngTests.debug.xcconfig */ = {isa = PBXFileReference; includeInIndex = 1; lastKnownFileType = text.xcconfig; name = "Pods-tinypng-tinypngTests.debug.xcconfig"; path = "Pods/Target Support Files/Pods-tinypng-tinypngTests/Pods-tinypng-tinypngTests.debug.xcconfig"; sourceTree = "<group>"; };
		933408A47911AE1A8A2E8708 /* Pods-tinypngTests.release.xcconfig */ = {isa = PBXFileReference; includeInIndex = 1; lastKnownFileType = text.xcconfig; name = "Pods-tinypngTests.release.xcconfig"; path = "Pods/Target Support Files/Pods-tinypngTests/Pods-tinypngTests.release.xcconfig"; sourceTree = "<group>"; };
		AD04112EF660D98F4F191BB8 /* Pods_tinypngUITests.framework */ = {isa = PBXFileReference; explicitFileType = wrapper.framework; includeInIndex = 0; path = Pods_tinypngUITests.framework; sourceTree = BUILT_PRODUCTS_DIR; };
		D2F35ED922C134EDF16B820B /* Pods_tinypng.framework */ = {isa = PBXFileReference; explicitFileType = wrapper.framework; includeInIndex = 0; path = Pods_tinypng.framework; sourceTree = BUILT_PRODUCTS_DIR; };
		EC93EB139911AAD226A23B90 /* Pods_tinypng_tinypngUITests.framework */ = {isa = PBXFileReference; explicitFileType = wrapper.framework; includeInIndex = 0; path = Pods_tinypng_tinypngUITests.framework; sourceTree = BUILT_PRODUCTS_DIR; };
		FE8806345F90BAEF523E1D61 /* Pods_tinypng_tinypngTests.framework */ = {isa = PBXFileReference; explicitFileType = wrapper.framework; includeInIndex = 0; path = Pods_tinypng_tinypngTests.framework; sourceTree = BUILT_PRODUCTS_DIR; };
/* End PBXFileReference section */

/* Begin PBXFrameworksBuildPhase section */
		54C460BE1FED739F0023DA09 /* Frameworks */ = {
			isa = PBXFrameworksBuildPhase;
			buildActionMask = 2147483647;
			files = (
				4F804222FA8617BCA3FC18F9 /* Pods_tinypng.framework in Frameworks */,
			);
			runOnlyForDeploymentPostprocessing = 0;
		};
		54C460D51FED73A00023DA09 /* Frameworks */ = {
			isa = PBXFrameworksBuildPhase;
			buildActionMask = 2147483647;
			files = (
				CDA3407607DD45379AD46FA3 /* Pods_tinypngTests.framework in Frameworks */,
				DE94AD3FB6BA00BEE903FD04 /* Pods_tinypng_tinypngTests.framework in Frameworks */,
			);
			runOnlyForDeploymentPostprocessing = 0;
		};
		54C460E01FED73A00023DA09 /* Frameworks */ = {
			isa = PBXFrameworksBuildPhase;
			buildActionMask = 2147483647;
			files = (
				5DE57D068A29865286F7EAFC /* Pods_tinypngUITests.framework in Frameworks */,
				6C27F1C9B9ACED48216615FF /* Pods_tinypng_tinypngUITests.framework in Frameworks */,
			);
			runOnlyForDeploymentPostprocessing = 0;
		};
/* End PBXFrameworksBuildPhase section */

/* Begin PBXGroup section */
		0DFBA93DE391858067AB7620 /* Pods */ = {
			isa = PBXGroup;
			children = (
				366F6D3A571C159A98FE7E2F /* Pods-tinypng.debug.xcconfig */,
				660C9AC42A0365F0E4392219 /* Pods-tinypng.release.xcconfig */,
				3A9768DEED38D6975CC4B62C /* Pods-tinypngTests.debug.xcconfig */,
				933408A47911AE1A8A2E8708 /* Pods-tinypngTests.release.xcconfig */,
				57301681F7BBBF21B1B955EC /* Pods-tinypngUITests.debug.xcconfig */,
				690BCEF6583ABACAE08FD6D3 /* Pods-tinypngUITests.release.xcconfig */,
				92D672533199DEB0DBCF5B35 /* Pods-tinypng-tinypngTests.debug.xcconfig */,
				4943F909E3AFD4965C2CAAED /* Pods-tinypng-tinypngTests.release.xcconfig */,
				2E20B0EAD698F64F14FB5783 /* Pods-tinypng-tinypngUITests.debug.xcconfig */,
				3B15C6288980F9A235EF37FF /* Pods-tinypng-tinypngUITests.release.xcconfig */,
			);
			name = Pods;
			sourceTree = "<group>";
		};
		54C460B81FED739F0023DA09 = {
			isa = PBXGroup;
			children = (
				54C460C31FED739F0023DA09 /* tinypng */,
				54C460DB1FED73A00023DA09 /* tinypngTests */,
				54C460E61FED73A00023DA09 /* tinypngUITests */,
				54C460C21FED739F0023DA09 /* Products */,
				0DFBA93DE391858067AB7620 /* Pods */,
				CB05396FBFC743B0E9283827 /* Frameworks */,
			);
			sourceTree = "<group>";
			usesTabs = 1;
			wrapsLines = 1;
		};
		54C460C21FED739F0023DA09 /* Products */ = {
			isa = PBXGroup;
			children = (
				54C460C11FED739F0023DA09 /* tinypng.app */,
				54C460D81FED73A00023DA09 /* tinypngTests.xctest */,
				54C460E31FED73A00023DA09 /* tinypngUITests.xctest */,
			);
			name = Products;
			sourceTree = "<group>";
		};
		54C460C31FED739F0023DA09 /* tinypng */ = {
			isa = PBXGroup;
			children = (
				54C460C41FED739F0023DA09 /* AppDelegate.swift */,
				5446D2461FEF8F2100EFAB8D /* MainController.swift */,
				54C460C81FED739F0023DA09 /* Document.swift */,
				54C460CD1FED739F0023DA09 /* Assets.xcassets */,
				54C460CF1FED739F0023DA09 /* Main.storyboard */,
				54C460D21FED739F0023DA09 /* Info.plist */,
				54C460D31FED739F0023DA09 /* tinypng.entitlements */,
				54C460CA1FED739F0023DA09 /* Document.xcdatamodeld */,
			);
			path = tinypng;
			sourceTree = "<group>";
		};
		54C460DB1FED73A00023DA09 /* tinypngTests */ = {
			isa = PBXGroup;
			children = (
				54C460DC1FED73A00023DA09 /* tinypngTests.swift */,
				54C460DE1FED73A00023DA09 /* Info.plist */,
			);
			path = tinypngTests;
			sourceTree = "<group>";
		};
		54C460E61FED73A00023DA09 /* tinypngUITests */ = {
			isa = PBXGroup;
			children = (
				54C460E71FED73A00023DA09 /* tinypngUITests.swift */,
				54C460E91FED73A00023DA09 /* Info.plist */,
			);
			path = tinypngUITests;
			sourceTree = "<group>";
		};
		CB05396FBFC743B0E9283827 /* Frameworks */ = {
			isa = PBXGroup;
			children = (
				D2F35ED922C134EDF16B820B /* Pods_tinypng.framework */,
				11F8CA40187EDB469F51CD80 /* Pods_tinypngTests.framework */,
				AD04112EF660D98F4F191BB8 /* Pods_tinypngUITests.framework */,
				FE8806345F90BAEF523E1D61 /* Pods_tinypng_tinypngTests.framework */,
				EC93EB139911AAD226A23B90 /* Pods_tinypng_tinypngUITests.framework */,
			);
			name = Frameworks;
			sourceTree = "<group>";
		};
/* End PBXGroup section */

/* Begin PBXNativeTarget section */
		54C460C01FED739F0023DA09 /* tinypng */ = {
			isa = PBXNativeTarget;
			buildConfigurationList = 54C460EC1FED73A00023DA09 /* Build configuration list for PBXNativeTarget "tinypng" */;
			buildPhases = (
				6A1013D28956F897EBEB5FF8 /* [CP] Check Pods Manifest.lock */,
				54C460BD1FED739F0023DA09 /* Sources */,
				54C460BE1FED739F0023DA09 /* Frameworks */,
				54C460BF1FED739F0023DA09 /* Resources */,
				5B4AD9F699D1E18D774FAD56 /* [CP] Embed Pods Frameworks */,
				0AA56CBD2AC8ADCD3ECADE60 /* [CP] Copy Pods Resources */,
			);
			buildRules = (
			);
			dependencies = (
			);
			name = tinypng;
			productName = tinypng;
			productReference = 54C460C11FED739F0023DA09 /* tinypng.app */;
			productType = "com.apple.product-type.application";
		};
		54C460D71FED73A00023DA09 /* tinypngTests */ = {
			isa = PBXNativeTarget;
			buildConfigurationList = 54C460EF1FED73A00023DA09 /* Build configuration list for PBXNativeTarget "tinypngTests" */;
			buildPhases = (
				9791190567B6F49FCF3D9F88 /* [CP] Check Pods Manifest.lock */,
				54C460D41FED73A00023DA09 /* Sources */,
				54C460D51FED73A00023DA09 /* Frameworks */,
				54C460D61FED73A00023DA09 /* Resources */,
				53E146E771A68E06C5F0826F /* [CP] Embed Pods Frameworks */,
				E66C49490CFAF6D777F16CB8 /* [CP] Copy Pods Resources */,
			);
			buildRules = (
			);
			dependencies = (
				54C460DA1FED73A00023DA09 /* PBXTargetDependency */,
			);
			name = tinypngTests;
			productName = tinypngTests;
			productReference = 54C460D81FED73A00023DA09 /* tinypngTests.xctest */;
			productType = "com.apple.product-type.bundle.unit-test";
		};
		54C460E21FED73A00023DA09 /* tinypngUITests */ = {
			isa = PBXNativeTarget;
			buildConfigurationList = 54C460F21FED73A00023DA09 /* Build configuration list for PBXNativeTarget "tinypngUITests" */;
			buildPhases = (
				B903E3726B44A4712B74C1FF /* [CP] Check Pods Manifest.lock */,
				54C460DF1FED73A00023DA09 /* Sources */,
				54C460E01FED73A00023DA09 /* Frameworks */,
				54C460E11FED73A00023DA09 /* Resources */,
				09B8D60834223015CEFF0FC0 /* [CP] Embed Pods Frameworks */,
				7D955A13B7ACD4BF9FC03B56 /* [CP] Copy Pods Resources */,
			);
			buildRules = (
			);
			dependencies = (
				54C460E51FED73A00023DA09 /* PBXTargetDependency */,
			);
			name = tinypngUITests;
			productName = tinypngUITests;
			productReference = 54C460E31FED73A00023DA09 /* tinypngUITests.xctest */;
			productType = "com.apple.product-type.bundle.ui-testing";
		};
/* End PBXNativeTarget section */

/* Begin PBXProject section */
		54C460B91FED739F0023DA09 /* Project object */ = {
			isa = PBXProject;
			attributes = {
				LastSwiftUpdateCheck = 0920;
				LastUpgradeCheck = 0920;
				ORGANIZATIONNAME = jokechat;
				TargetAttributes = {
					54C460C01FED739F0023DA09 = {
						CreatedOnToolsVersion = 9.2;
						ProvisioningStyle = Automatic;
					};
					54C460D71FED73A00023DA09 = {
						CreatedOnToolsVersion = 9.2;
						ProvisioningStyle = Automatic;
						TestTargetID = 54C460C01FED739F0023DA09;
					};
					54C460E21FED73A00023DA09 = {
						CreatedOnToolsVersion = 9.2;
						ProvisioningStyle = Automatic;
						TestTargetID = 54C460C01FED739F0023DA09;
					};
				};
			};
			buildConfigurationList = 54C460BC1FED739F0023DA09 /* Build configuration list for PBXProject "tinypng" */;
			compatibilityVersion = "Xcode 8.0";
			developmentRegion = en;
			hasScannedForEncodings = 0;
			knownRegions = (
				en,
				Base,
			);
			mainGroup = 54C460B81FED739F0023DA09;
			productRefGroup = 54C460C21FED739F0023DA09 /* Products */;
			projectDirPath = "";
			projectRoot = "";
			targets = (
				54C460C01FED739F0023DA09 /* tinypng */,
				54C460D71FED73A00023DA09 /* tinypngTests */,
				54C460E21FED73A00023DA09 /* tinypngUITests */,
			);
		};
/* End PBXProject section */

/* Begin PBXResourcesBuildPhase section */
		54C460BF1FED739F0023DA09 /* Resources */ = {
			isa = PBXResourcesBuildPhase;
			buildActionMask = 2147483647;
			files = (
				54C460CE1FED739F0023DA09 /* Assets.xcassets in Resources */,
				54C460D11FED739F0023DA09 /* Main.storyboard in Resources */,
			);
			runOnlyForDeploymentPostprocessing = 0;
		};
		54C460D61FED73A00023DA09 /* Resources */ = {
			isa = PBXResourcesBuildPhase;
			buildActionMask = 2147483647;
			files = (
			);
			runOnlyForDeploymentPostprocessing = 0;
		};
		54C460E11FED73A00023DA09 /* Resources */ = {
			isa = PBXResourcesBuildPhase;
			buildActionMask = 2147483647;
			files = (
			);
			runOnlyForDeploymentPostprocessing = 0;
		};
/* End PBXResourcesBuildPhase section */

/* Begin PBXShellScriptBuildPhase section */
		09B8D60834223015CEFF0FC0 /* [CP] Embed Pods Frameworks */ = {
			isa = PBXShellScriptBuildPhase;
			buildActionMask = 2147483647;
			files = (
			);
			inputPaths = (
				"${SRCROOT}/Pods/Target Support Files/Pods-tinypng-tinypngUITests/Pods-tinypng-tinypngUITests-frameworks.sh",
				"${BUILT_PRODUCTS_DIR}/Alamofire/Alamofire.framework",
				"${BUILT_PRODUCTS_DIR}/SwiftyJSON/SwiftyJSON.framework",
			);
			name = "[CP] Embed Pods Frameworks";
			outputPaths = (
				"${TARGET_BUILD_DIR}/${FRAMEWORKS_FOLDER_PATH}/Alamofire.framework",
				"${TARGET_BUILD_DIR}/${FRAMEWORKS_FOLDER_PATH}/SwiftyJSON.framework",
			);
			runOnlyForDeploymentPostprocessing = 0;
			shellPath = /bin/sh;
			shellScript = "\"${SRCROOT}/Pods/Target Support Files/Pods-tinypngUITests/Pods-tinypngUITests-frameworks.sh\"\n";
			showEnvVarsInLog = 0;
		};
		0AA56CBD2AC8ADCD3ECADE60 /* [CP] Copy Pods Resources */ = {
			isa = PBXShellScriptBuildPhase;
			buildActionMask = 2147483647;
			files = (
			);
			inputPaths = (
			);
			name = "[CP] Copy Pods Resources";
			outputPaths = (
			);
			runOnlyForDeploymentPostprocessing = 0;
			shellPath = /bin/sh;
			shellScript = "\"${SRCROOT}/Pods/Target Support Files/Pods-tinypng/Pods-tinypng-resources.sh\"\n";
			showEnvVarsInLog = 0;
		};
		53E146E771A68E06C5F0826F /* [CP] Embed Pods Frameworks */ = {
			isa = PBXShellScriptBuildPhase;
			buildActionMask = 2147483647;
			files = (
			);
			inputPaths = (
				"${SRCROOT}/Pods/Target Support Files/Pods-tinypng-tinypngTests/Pods-tinypng-tinypngTests-frameworks.sh",
				"${BUILT_PRODUCTS_DIR}/Alamofire/Alamofire.framework",
				"${BUILT_PRODUCTS_DIR}/SwiftyJSON/SwiftyJSON.framework",
			);
			name = "[CP] Embed Pods Frameworks";
			outputPaths = (
				"${TARGET_BUILD_DIR}/${FRAMEWORKS_FOLDER_PATH}/Alamofire.framework",
				"${TARGET_BUILD_DIR}/${FRAMEWORKS_FOLDER_PATH}/SwiftyJSON.framework",
			);
			runOnlyForDeploymentPostprocessing = 0;
			shellPath = /bin/sh;
			shellScript = "\"${SRCROOT}/Pods/Target Support Files/Pods-tinypngTests/Pods-tinypngTests-frameworks.sh\"\n";
			showEnvVarsInLog = 0;
		};
		5B4AD9F699D1E18D774FAD56 /* [CP] Embed Pods Frameworks */ = {
			isa = PBXShellScriptBuildPhase;
			buildActionMask = 2147483647;
			files = (
			);
			inputPaths = (
				"${SRCROOT}/Pods/Target Support Files/Pods-tinypng/Pods-tinypng-frameworks.sh",
				"${BUILT_PRODUCTS_DIR}/Alamofire/Alamofire.framework",
				"${BUILT_PRODUCTS_DIR}/SwiftyJSON/SwiftyJSON.framework",
			);
			name = "[CP] Embed Pods Frameworks";
			outputPaths = (
				"${TARGET_BUILD_DIR}/${FRAMEWORKS_FOLDER_PATH}/Alamofire.framework",
				"${TARGET_BUILD_DIR}/${FRAMEWORKS_FOLDER_PATH}/SwiftyJSON.framework",
			);
			runOnlyForDeploymentPostprocessing = 0;
			shellPath = /bin/sh;
			shellScript = "\"${SRCROOT}/Pods/Target Support Files/Pods-tinypng/Pods-tinypng-frameworks.sh\"\n";
			showEnvVarsInLog = 0;
		};
		6A1013D28956F897EBEB5FF8 /* [CP] Check Pods Manifest.lock */ = {
			isa = PBXShellScriptBuildPhase;
			buildActionMask = 2147483647;
			files = (
			);
			inputPaths = (
				"${PODS_PODFILE_DIR_PATH}/Podfile.lock",
				"${PODS_ROOT}/Manifest.lock",
			);
			name = "[CP] Check Pods Manifest.lock";
			outputPaths = (
				"$(DERIVED_FILE_DIR)/Pods-tinypng-checkManifestLockResult.txt",
			);
			runOnlyForDeploymentPostprocessing = 0;
			shellPath = /bin/sh;
			shellScript = "diff \"${PODS_PODFILE_DIR_PATH}/Podfile.lock\" \"${PODS_ROOT}/Manifest.lock\" > /dev/null\nif [ $? != 0 ] ; then\n    # print error to STDERR\n    echo \"error: The sandbox is not in sync with the Podfile.lock. Run 'pod install' or update your CocoaPods installation.\" >&2\n    exit 1\nfi\n# This output is used by Xcode 'outputs' to avoid re-running this script phase.\necho \"SUCCESS\" > \"${SCRIPT_OUTPUT_FILE_0}\"\n";
			showEnvVarsInLog = 0;
		};
		7D955A13B7ACD4BF9FC03B56 /* [CP] Copy Pods Resources */ = {
			isa = PBXShellScriptBuildPhase;
			buildActionMask = 2147483647;
			files = (
			);
			inputPaths = (
			);
			name = "[CP] Copy Pods Resources";
			outputPaths = (
			);
			runOnlyForDeploymentPostprocessing = 0;
			shellPath = /bin/sh;
			shellScript = "\"${SRCROOT}/Pods/Target Support Files/Pods-tinypngUITests/Pods-tinypngUITests-resources.sh\"\n";
			showEnvVarsInLog = 0;
		};
		9791190567B6F49FCF3D9F88 /* [CP] Check Pods Manifest.lock */ = {
			isa = PBXShellScriptBuildPhase;
			buildActionMask = 2147483647;
			files = (
			);
			inputPaths = (
				"${PODS_PODFILE_DIR_PATH}/Podfile.lock",
				"${PODS_ROOT}/Manifest.lock",
			);
			name = "[CP] Check Pods Manifest.lock";
			outputPaths = (
				"$(DERIVED_FILE_DIR)/Pods-tinypngTests-checkManifestLockResult.txt",
			);
			runOnlyForDeploymentPostprocessing = 0;
			shellPath = /bin/sh;
			shellScript = "diff \"${PODS_PODFILE_DIR_PATH}/Podfile.lock\" \"${PODS_ROOT}/Manifest.lock\" > /dev/null\nif [ $? != 0 ] ; then\n    # print error to STDERR\n    echo \"error: The sandbox is not in sync with the Podfile.lock. Run 'pod install' or update your CocoaPods installation.\" >&2\n    exit 1\nfi\n# This output is used by Xcode 'outputs' to avoid re-running this script phase.\necho \"SUCCESS\" > \"${SCRIPT_OUTPUT_FILE_0}\"\n";
			showEnvVarsInLog = 0;
		};
		B903E3726B44A4712B74C1FF /* [CP] Check Pods Manifest.lock */ = {
			isa = PBXShellScriptBuildPhase;
			buildActionMask = 2147483647;
			files = (
			);
			inputPaths = (
				"${PODS_PODFILE_DIR_PATH}/Podfile.lock",
				"${PODS_ROOT}/Manifest.lock",
			);
			name = "[CP] Check Pods Manifest.lock";
			outputPaths = (
				"$(DERIVED_FILE_DIR)/Pods-tinypngUITests-checkManifestLockResult.txt",
			);
			runOnlyForDeploymentPostprocessing = 0;
			shellPath = /bin/sh;
			shellScript = "diff \"${PODS_PODFILE_DIR_PATH}/Podfile.lock\" \"${PODS_ROOT}/Manifest.lock\" > /dev/null\nif [ $? != 0 ] ; then\n    # print error to STDERR\n    echo \"error: The sandbox is not in sync with the Podfile.lock. Run 'pod install' or update your CocoaPods installation.\" >&2\n    exit 1\nfi\n# This output is used by Xcode 'outputs' to avoid re-running this script phase.\necho \"SUCCESS\" > \"${SCRIPT_OUTPUT_FILE_0}\"\n";
			showEnvVarsInLog = 0;
		};
		E66C49490CFAF6D777F16CB8 /* [CP] Copy Pods Resources */ = {
			isa = PBXShellScriptBuildPhase;
			buildActionMask = 2147483647;
			files = (
			);
			inputPaths = (
			);
			name = "[CP] Copy Pods Resources";
			outputPaths = (
			);
			runOnlyForDeploymentPostprocessing = 0;
			shellPath = /bin/sh;
			shellScript = "\"${SRCROOT}/Pods/Target Support Files/Pods-tinypngTests/Pods-tinypngTests-resources.sh\"\n";
			showEnvVarsInLog = 0;
		};
/* End PBXShellScriptBuildPhase section */

/* Begin PBXSourcesBuildPhase section */
		54C460BD1FED739F0023DA09 /* Sources */ = {
			isa = PBXSourcesBuildPhase;
			buildActionMask = 2147483647;
			files = (
				54C460CC1FED739F0023DA09 /* Document.xcdatamodeld in Sources */,
				54C460C51FED739F0023DA09 /* AppDelegate.swift in Sources */,
				54C460C91FED739F0023DA09 /* Document.swift in Sources */,
				5446D2471FEF8F2100EFAB8D /* MainController.swift in Sources */,
			);
			runOnlyForDeploymentPostprocessing = 0;
		};
		54C460D41FED73A00023DA09 /* Sources */ = {
			isa = PBXSourcesBuildPhase;
			buildActionMask = 2147483647;
			files = (
				54C460DD1FED73A00023DA09 /* tinypngTests.swift in Sources */,
			);
			runOnlyForDeploymentPostprocessing = 0;
		};
		54C460DF1FED73A00023DA09 /* Sources */ = {
			isa = PBXSourcesBuildPhase;
			buildActionMask = 2147483647;
			files = (
				54C460E81FED73A00023DA09 /* tinypngUITests.swift in Sources */,
			);
			runOnlyForDeploymentPostprocessing = 0;
		};
/* End PBXSourcesBuildPhase section */

/* Begin PBXTargetDependency section */
		54C460DA1FED73A00023DA09 /* PBXTargetDependency */ = {
			isa = PBXTargetDependency;
			target = 54C460C01FED739F0023DA09 /* tinypng */;
			targetProxy = 54C460D91FED73A00023DA09 /* PBXContainerItemProxy */;
		};
		54C460E51FED73A00023DA09 /* PBXTargetDependency */ = {
			isa = PBXTargetDependency;
			target = 54C460C01FED739F0023DA09 /* tinypng */;
			targetProxy = 54C460E41FED73A00023DA09 /* PBXContainerItemProxy */;
		};
/* End PBXTargetDependency section */

/* Begin PBXVariantGroup section */
		54C460CF1FED739F0023DA09 /* Main.storyboard */ = {
			isa = PBXVariantGroup;
			children = (
				54C460D01FED739F0023DA09 /* Base */,
			);
			name = Main.storyboard;
			sourceTree = "<group>";
		};
/* End PBXVariantGroup section */

/* Begin XCBuildConfiguration section */
		54C460EA1FED73A00023DA09 /* Debug */ = {
			isa = XCBuildConfiguration;
			buildSettings = {
				ALWAYS_SEARCH_USER_PATHS = NO;
				CLANG_ANALYZER_NONNULL = YES;
				CLANG_ANALYZER_NUMBER_OBJECT_CONVERSION = YES_AGGRESSIVE;
				CLANG_CXX_LANGUAGE_STANDARD = "gnu++14";
				CLANG_CXX_LIBRARY = "libc++";
				CLANG_ENABLE_MODULES = YES;
				CLANG_ENABLE_OBJC_ARC = YES;
				CLANG_WARN_BLOCK_CAPTURE_AUTORELEASING = YES;
				CLANG_WARN_BOOL_CONVERSION = YES;
				CLANG_WARN_COMMA = YES;
				CLANG_WARN_CONSTANT_CONVERSION = YES;
				CLANG_WARN_DIRECT_OBJC_ISA_USAGE = YES_ERROR;
				CLANG_WARN_DOCUMENTATION_COMMENTS = YES;
				CLANG_WARN_EMPTY_BODY = YES;
				CLANG_WARN_ENUM_CONVERSION = YES;
				CLANG_WARN_INFINITE_RECURSION = YES;
				CLANG_WARN_INT_CONVERSION = YES;
				CLANG_WARN_NON_LITERAL_NULL_CONVERSION = YES;
				CLANG_WARN_OBJC_LITERAL_CONVERSION = YES;
				CLANG_WARN_OBJC_ROOT_CLASS = YES_ERROR;
				CLANG_WARN_RANGE_LOOP_ANALYSIS = YES;
				CLANG_WARN_STRICT_PROTOTYPES = YES;
				CLANG_WARN_SUSPICIOUS_MOVE = YES;
				CLANG_WARN_UNGUARDED_AVAILABILITY = YES_AGGRESSIVE;
				CLANG_WARN_UNREACHABLE_CODE = YES;
				CLANG_WARN__DUPLICATE_METHOD_MATCH = YES;
				CODE_SIGN_IDENTITY = "Mac Developer";
				COPY_PHASE_STRIP = NO;
				DEBUG_INFORMATION_FORMAT = dwarf;
				ENABLE_STRICT_OBJC_MSGSEND = YES;
				ENABLE_TESTABILITY = YES;
				GCC_C_LANGUAGE_STANDARD = gnu11;
				GCC_DYNAMIC_NO_PIC = NO;
				GCC_NO_COMMON_BLOCKS = YES;
				GCC_OPTIMIZATION_LEVEL = 0;
				GCC_PREPROCESSOR_DEFINITIONS = (
					"DEBUG=1",
					"$(inherited)",
				);
				GCC_WARN_64_TO_32_BIT_CONVERSION = YES;
				GCC_WARN_ABOUT_RETURN_TYPE = YES_ERROR;
				GCC_WARN_UNDECLARED_SELECTOR = YES;
				GCC_WARN_UNINITIALIZED_AUTOS = YES_AGGRESSIVE;
				GCC_WARN_UNUSED_FUNCTION = YES;
				GCC_WARN_UNUSED_VARIABLE = YES;
				MACOSX_DEPLOYMENT_TARGET = 10.13;
				MTL_ENABLE_DEBUG_INFO = YES;
				ONLY_ACTIVE_ARCH = YES;
				SDKROOT = macosx;
				SWIFT_ACTIVE_COMPILATION_CONDITIONS = DEBUG;
				SWIFT_OPTIMIZATION_LEVEL = "-Onone";
			};
			name = Debug;
		};
		54C460EB1FED73A00023DA09 /* Release */ = {
			isa = XCBuildConfiguration;
			buildSettings = {
				ALWAYS_SEARCH_USER_PATHS = NO;
				CLANG_ANALYZER_NONNULL = YES;
				CLANG_ANALYZER_NUMBER_OBJECT_CONVERSION = YES_AGGRESSIVE;
				CLANG_CXX_LANGUAGE_STANDARD = "gnu++14";
				CLANG_CXX_LIBRARY = "libc++";
				CLANG_ENABLE_MODULES = YES;
				CLANG_ENABLE_OBJC_ARC = YES;
				CLANG_WARN_BLOCK_CAPTURE_AUTORELEASING = YES;
				CLANG_WARN_BOOL_CONVERSION = YES;
				CLANG_WARN_COMMA = YES;
				CLANG_WARN_CONSTANT_CONVERSION = YES;
				CLANG_WARN_DIRECT_OBJC_ISA_USAGE = YES_ERROR;
				CLANG_WARN_DOCUMENTATION_COMMENTS = YES;
				CLANG_WARN_EMPTY_BODY = YES;
				CLANG_WARN_ENUM_CONVERSION = YES;
				CLANG_WARN_INFINITE_RECURSION = YES;
				CLANG_WARN_INT_CONVERSION = YES;
				CLANG_WARN_NON_LITERAL_NULL_CONVERSION = YES;
				CLANG_WARN_OBJC_LITERAL_CONVERSION = YES;
				CLANG_WARN_OBJC_ROOT_CLASS = YES_ERROR;
				CLANG_WARN_RANGE_LOOP_ANALYSIS = YES;
				CLANG_WARN_STRICT_PROTOTYPES = YES;
				CLANG_WARN_SUSPICIOUS_MOVE = YES;
				CLANG_WARN_UNGUARDED_AVAILABILITY = YES_AGGRESSIVE;
				CLANG_WARN_UNREACHABLE_CODE = YES;
				CLANG_WARN__DUPLICATE_METHOD_MATCH = YES;
				CODE_SIGN_IDENTITY = "Mac Developer";
				COPY_PHASE_STRIP = NO;
				DEBUG_INFORMATION_FORMAT = "dwarf-with-dsym";
				ENABLE_NS_ASSERTIONS = NO;
				ENABLE_STRICT_OBJC_MSGSEND = YES;
				GCC_C_LANGUAGE_STANDARD = gnu11;
				GCC_NO_COMMON_BLOCKS = YES;
				GCC_WARN_64_TO_32_BIT_CONVERSION = YES;
				GCC_WARN_ABOUT_RETURN_TYPE = YES_ERROR;
				GCC_WARN_UNDECLARED_SELECTOR = YES;
				GCC_WARN_UNINITIALIZED_AUTOS = YES_AGGRESSIVE;
				GCC_WARN_UNUSED_FUNCTION = YES;
				GCC_WARN_UNUSED_VARIABLE = YES;
				MACOSX_DEPLOYMENT_TARGET = 10.13;
				MTL_ENABLE_DEBUG_INFO = NO;
				SDKROOT = macosx;
				SWIFT_OPTIMIZATION_LEVEL = "-Owholemodule";
			};
			name = Release;
		};
		54C460ED1FED73A00023DA09 /* Debug */ = {
			isa = XCBuildConfiguration;
			baseConfigurationReference = 366F6D3A571C159A98FE7E2F /* Pods-tinypng.debug.xcconfig */;
			buildSettings = {
				ASSETCATALOG_COMPILER_APPICON_NAME = AppIcon;
				CODE_SIGN_ENTITLEMENTS = tinypng/tinypng.entitlements;
				CODE_SIGN_STYLE = Automatic;
				COMBINE_HIDPI_IMAGES = YES;
				DEVELOPMENT_TEAM = 7V3Q2DDMRF;
				INFOPLIST_FILE = tinypng/Info.plist;
				LD_RUNPATH_SEARCH_PATHS = "$(inherited) @executable_path/../Frameworks";
				PRODUCT_BUNDLE_IDENTIFIER = com.jokechat.tinypng;
				PRODUCT_NAME = "$(TARGET_NAME)";
				SWIFT_VERSION = 4.0;
			};
			name = Debug;
		};
		54C460EE1FED73A00023DA09 /* Release */ = {
			isa = XCBuildConfiguration;
			baseConfigurationReference = 660C9AC42A0365F0E4392219 /* Pods-tinypng.release.xcconfig */;
			buildSettings = {
				ASSETCATALOG_COMPILER_APPICON_NAME = AppIcon;
				CODE_SIGN_ENTITLEMENTS = tinypng/tinypng.entitlements;
				CODE_SIGN_STYLE = Automatic;
				COMBINE_HIDPI_IMAGES = YES;
				DEVELOPMENT_TEAM = 7V3Q2DDMRF;
				INFOPLIST_FILE = tinypng/Info.plist;
				LD_RUNPATH_SEARCH_PATHS = "$(inherited) @executable_path/../Frameworks";
				PRODUCT_BUNDLE_IDENTIFIER = com.jokechat.tinypng;
				PRODUCT_NAME = "$(TARGET_NAME)";
				SWIFT_VERSION = 4.0;
			};
			name = Release;
		};
		54C460F01FED73A00023DA09 /* Debug */ = {
			isa = XCBuildConfiguration;
			baseConfigurationReference = 3A9768DEED38D6975CC4B62C /* Pods-tinypngTests.debug.xcconfig */;
			buildSettings = {
				ALWAYS_EMBED_SWIFT_STANDARD_LIBRARIES = YES;
				BUNDLE_LOADER = "$(TEST_HOST)";
				CODE_SIGN_STYLE = Automatic;
				COMBINE_HIDPI_IMAGES = YES;
				DEVELOPMENT_TEAM = 7V3Q2DDMRF;
				INFOPLIST_FILE = tinypngTests/Info.plist;
				LD_RUNPATH_SEARCH_PATHS = "$(inherited) @executable_path/../Frameworks @loader_path/../Frameworks";
				PRODUCT_BUNDLE_IDENTIFIER = com.jokechat.tinypngTests;
				PRODUCT_NAME = "$(TARGET_NAME)";
				SWIFT_VERSION = 4.0;
				TEST_HOST = "$(BUILT_PRODUCTS_DIR)/tinypng.app/Contents/MacOS/tinypng";
			};
			name = Debug;
		};
		54C460F11FED73A00023DA09 /* Release */ = {
			isa = XCBuildConfiguration;
			baseConfigurationReference = 933408A47911AE1A8A2E8708 /* Pods-tinypngTests.release.xcconfig */;
			buildSettings = {
				ALWAYS_EMBED_SWIFT_STANDARD_LIBRARIES = YES;
				BUNDLE_LOADER = "$(TEST_HOST)";
				CODE_SIGN_STYLE = Automatic;
				COMBINE_HIDPI_IMAGES = YES;
				DEVELOPMENT_TEAM = 7V3Q2DDMRF;
				INFOPLIST_FILE = tinypngTests/Info.plist;
				LD_RUNPATH_SEARCH_PATHS = "$(inherited) @executable_path/../Frameworks @loader_path/../Frameworks";
				PRODUCT_BUNDLE_IDENTIFIER = com.jokechat.tinypngTests;
				PRODUCT_NAME = "$(TARGET_NAME)";
				SWIFT_VERSION = 4.0;
				TEST_HOST = "$(BUILT_PRODUCTS_DIR)/tinypng.app/Contents/MacOS/tinypng";
			};
			name = Release;
		};
		54C460F31FED73A00023DA09 /* Debug */ = {
			isa = XCBuildConfiguration;
			baseConfigurationReference = 57301681F7BBBF21B1B955EC /* Pods-tinypngUITests.debug.xcconfig */;
			buildSettings = {
				ALWAYS_EMBED_SWIFT_STANDARD_LIBRARIES = YES;
				CODE_SIGN_STYLE = Automatic;
				COMBINE_HIDPI_IMAGES = YES;
				DEVELOPMENT_TEAM = 7V3Q2DDMRF;
				INFOPLIST_FILE = tinypngUITests/Info.plist;
				LD_RUNPATH_SEARCH_PATHS = "$(inherited) @executable_path/../Frameworks @loader_path/../Frameworks";
				PRODUCT_BUNDLE_IDENTIFIER = com.jokechat.tinypngUITests;
				PRODUCT_NAME = "$(TARGET_NAME)";
				SWIFT_VERSION = 4.0;
				TEST_TARGET_NAME = tinypng;
			};
			name = Debug;
		};
		54C460F41FED73A00023DA09 /* Release */ = {
			isa = XCBuildConfiguration;
			baseConfigurationReference = 690BCEF6583ABACAE08FD6D3 /* Pods-tinypngUITests.release.xcconfig */;
			buildSettings = {
				ALWAYS_EMBED_SWIFT_STANDARD_LIBRARIES = YES;
				CODE_SIGN_STYLE = Automatic;
				COMBINE_HIDPI_IMAGES = YES;
				DEVELOPMENT_TEAM = 7V3Q2DDMRF;
				INFOPLIST_FILE = tinypngUITests/Info.plist;
				LD_RUNPATH_SEARCH_PATHS = "$(inherited) @executable_path/../Frameworks @loader_path/../Frameworks";
				PRODUCT_BUNDLE_IDENTIFIER = com.jokechat.tinypngUITests;
				PRODUCT_NAME = "$(TARGET_NAME)";
				SWIFT_VERSION = 4.0;
				TEST_TARGET_NAME = tinypng;
			};
			name = Release;
		};
/* End XCBuildConfiguration section */

/* Begin XCConfigurationList section */
		54C460BC1FED739F0023DA09 /* Build configuration list for PBXProject "tinypng" */ = {
			isa = XCConfigurationList;
			buildConfigurations = (
				54C460EA1FED73A00023DA09 /* Debug */,
				54C460EB1FED73A00023DA09 /* Release */,
			);
			defaultConfigurationIsVisible = 0;
			defaultConfigurationName = Release;
		};
		54C460EC1FED73A00023DA09 /* Build configuration list for PBXNativeTarget "tinypng" */ = {
			isa = XCConfigurationList;
			buildConfigurations = (
				54C460ED1FED73A00023DA09 /* Debug */,
				54C460EE1FED73A00023DA09 /* Release */,
			);
			defaultConfigurationIsVisible = 0;
			defaultConfigurationName = Release;
		};
		54C460EF1FED73A00023DA09 /* Build configuration list for PBXNativeTarget "tinypngTests" */ = {
			isa = XCConfigurationList;
			buildConfigurations = (
				54C460F01FED73A00023DA09 /* Debug */,
				54C460F11FED73A00023DA09 /* Release */,
			);
			defaultConfigurationIsVisible = 0;
			defaultConfigurationName = Release;
		};
		54C460F21FED73A00023DA09 /* Build configuration list for PBXNativeTarget "tinypngUITests" */ = {
			isa = XCConfigurationList;
			buildConfigurations = (
				54C460F31FED73A00023DA09 /* Debug */,
				54C460F41FED73A00023DA09 /* Release */,
			);
			defaultConfigurationIsVisible = 0;
			defaultConfigurationName = Release;
		};
/* End XCConfigurationList section */

/* Begin XCVersionGroup section */
		54C460CA1FED739F0023DA09 /* Document.xcdatamodeld */ = {
			isa = XCVersionGroup;
			children = (
				54C460CB1FED739F0023DA09 /* Document.xcdatamodel */,
			);
			currentVersion = 54C460CB1FED739F0023DA09 /* Document.xcdatamodel */;
			path = Document.xcdatamodeld;
			sourceTree = "<group>";
			versionGroupType = wrapper.xcdatamodel;
		};
/* End XCVersionGroup section */
	};
	rootObject = 54C460B91FED739F0023DA09 /* Project object */;
}
